
Microsoft Visual Studio Solution File, Format Version 12.00
# Visual Studio Version 17
VisualStudioVersion = 17.2.32616.157
MinimumVisualStudioVersion = 10.0.40219.1
Project("{FAE04EC0-301F-11D3-BF4B-00C04F79EFBC}") = "Assignment5", "Assignment5\Assignment5.csproj", "{194ECC19-F581-4311-94C5-17E78BF91606}"
EndProject
Global
	GlobalSection(SolutionConfigurationPlatforms) = preSolution
		Debug|Any CPU = Debug|Any CPU
		Release|Any CPU = Release|Any CPU
	EndGlobalSection
	GlobalSection(ProjectConfigurationPlatforms) = postSolution
		{194ECC19-F581-4311-94C5-17E78BF91606}.Debug|Any CPU.ActiveCfg = Debug|Any CPU
		{194ECC19-F581-4311-94C5-17E78BF91606}.Debug|Any CPU.Build.0 = Debug|Any CPU
		{194ECC19-F581-4311-94C5-17E78BF91606}.Release|Any CPU.ActiveCfg = Release|Any CPU
		{194ECC19-F581-4311-94C5-17E78BF91606}.Release|Any CPU.Build.0 = Release|Any CPU
	EndGlobalSection
	GlobalSection(SolutionProperties) = preSolution
		HideSolutionNode = FALSE
	EndGlobalSection
	GlobalSection(ExtensibilityGlobals) = postSolution
		SolutionGuid = {91E896E6-6AA5-442E-881D-88176089BE68}
	EndGlobalSection
EndGlobal
